<%#
  partials/footer.ejs — Shared page footer
  CM3010 Database Coursework
  Author: Written personally by Ayaan
%>
  </main>
  <!-- ── Footer ──────────────────────────────────────────────── -->
  <footer class="footer" role="contentinfo">
    <div class="footer__inner container">
      <div class="footer__brand">
        <span class="logo-star">&#9733;</span>
        <strong>IMDb Explorer</strong>
        <p class="footer__sub">CM3010 Database Coursework</p>
      </div>

      <div class="footer__links">
        <h3 class="footer__heading">Research Questions</h3>
        <ul role="list">
          <li><a href="/genres">RQ1 — Genres by Rating</a></li>
          <li><a href="/directors">RQ2 — Top Directors</a></li>
          <li><a href="/trends">RQ3 — Rating Trends</a></li>
          <li><a href="/duration">RQ4 — Runtime by Genre</a></li>
          <li><a href="/versatile">RQ5 — Versatile Directors</a></li>
        </ul>
      </div>

      <div class="footer__dataset">
        <h3 class="footer__heading">Data Source</h3>
        <p>
          <a href="https://datasets.imdbws.com/" target="_blank" rel="noopener noreferrer">
            IMDb Non-Commercial Dataset
          </a><br />
          Movies 2000–2023 &mdash; CC BY-NC 4.0
        </p>
        <p class="footer__quote">
          &ldquo;Cinema is a matter of what&rsquo;s in the frame and what&rsquo;s out.&rdquo;<br />
          <em>&mdash; Martin Scorsese</em>
        </p>
      </div>
    </div>

    <div class="footer__bottom">
      <p>&copy; 2024 Ayaan &mdash; CM3010 Database Coursework. Data from IMDb Non-Commercial Datasets.</p>
    </div>
  </footer>

  <!-- App JS -->
  <script src="/js/main.js"></script>
</body>
</html>
